<?xml version="1.0" encoding="utf-8"?>
<Project ToolsVersion="4.0" xmlns="http://schemas.microsoft.com/developer/msbuild/2003">
  <ItemGroup>
    <Filter Include="main">
      <UniqueIdentifier>{4FC737F1-C7A5-4376-A066-2A32D752A2FF}</UniqueIdentifier>
      <Extensions>cpp;c;cc;cxx;def;odl;idl;hpj;bat;asm;asmx</Extensions>
    </Filter>
    <Filter Include="util">
      <UniqueIdentifier>{93995380-89BD-4b04-88EB-625FBE52EBFB}</UniqueIdentifier>
      <Extensions>h;hh;hpp;hxx;hm;inl;inc;ipp;xsd</Extensions>
    </Filter>
    <Filter Include="Bullet">
      <UniqueIdentifier>{94a0b353-1f92-49b0-bd45-e754f909a566}</UniqueIdentifier>
    </Filter>
    <Filter Include="Bullet\Circle">
      <UniqueIdentifier>{cd722588-4387-4748-a3e2-84027cc65851}</UniqueIdentifier>
    </Filter>
    <Filter Include="PrototypeFactory">
      <UniqueIdentifier>{1702fc22-e450-429c-a785-a89484f3d1de}</UniqueIdentifier>
    </Filter>
    <Filter Include="Bullet\Follow">
      <UniqueIdentifier>{84bb4a59-117a-4094-841f-5df97f392e77}</UniqueIdentifier>
    </Filter>
  </ItemGroup>
  <ItemGroup>
    <ClInclude Include="pch.h">
      <Filter>util</Filter>
    </ClInclude>
    <ClInclude Include="cBullet.h">
      <Filter>Bullet</Filter>
    </ClInclude>
    <ClInclude Include="cBulletcircle.h">
      <Filter>Bullet\Circle</Filter>
    </ClInclude>
    <ClInclude Include="cPrototypeFactory.h">
      <Filter>PrototypeFactory</Filter>
    </ClInclude>
    <ClInclude Include="cBulletFollow.h">
      <Filter>Bullet\Follow</Filter>
    </ClInclude>
  </ItemGroup>
  <ItemGroup>
    <ClCompile Include="pch.cpp">
      <Filter>util</Filter>
    </ClCompile>
    <ClCompile Include="main.cpp">
      <Filter>main</Filter>
    </ClCompile>
    <ClCompile Include="cBullet.cpp">
      <Filter>Bullet</Filter>
    </ClCompile>
    <ClCompile Include="cBulletcircle.cpp">
      <Filter>Bullet\Circle</Filter>
    </ClCompile>
    <ClCompile Include="cPrototypeFactory.cpp">
      <Filter>PrototypeFactory</Filter>
    </ClCompile>
    <ClCompile Include="cBulletFollow.cpp">
      <Filter>Bullet\Follow</Filter>
    </ClCompile>
  </ItemGroup>
</Project>