<?xml version="1.0" encoding="utf-8"?>
<Project ToolsVersion="4.0" xmlns="http://schemas.microsoft.com/developer/msbuild/2003">
  <ItemGroup>
    <Filter Include="util">
      <UniqueIdentifier>{93995380-89BD-4b04-88EB-625FBE52EBFB}</UniqueIdentifier>
      <Extensions>h;hh;hpp;hxx;hm;inl;inc;ipp;xsd</Extensions>
    </Filter>
    <Filter Include="main">
      <UniqueIdentifier>{b32d1303-4323-4516-9626-8d9428df42f6}</UniqueIdentifier>
    </Filter>
    <Filter Include="Factory">
      <UniqueIdentifier>{0efbaf81-ed92-4f5c-ae7d-b88782c0dbec}</UniqueIdentifier>
    </Filter>
    <Filter Include="Project">
      <UniqueIdentifier>{8e053cf4-d5ef-43bd-afb0-2e7fe3edf6b9}</UniqueIdentifier>
    </Filter>
    <Filter Include="Project\C">
      <UniqueIdentifier>{9de30c03-3cdd-40c4-a5a7-1ffc880348bf}</UniqueIdentifier>
    </Filter>
    <Filter Include="Project\C++">
      <UniqueIdentifier>{bc85cabf-1eb3-47bd-a9ac-1ba8610293ed}</UniqueIdentifier>
    </Filter>
  </ItemGroup>
  <ItemGroup>
    <ClInclude Include="pch.h">
      <Filter>util</Filter>
    </ClInclude>
    <ClInclude Include="cProject.h">
      <Filter>Project</Filter>
    </ClInclude>
    <ClInclude Include="cProjectFactory.h">
      <Filter>Factory</Filter>
    </ClInclude>
    <ClInclude Include="cCProject.h">
      <Filter>Project\C</Filter>
    </ClInclude>
    <ClInclude Include="cCPlusProject.h">
      <Filter>Project\C++</Filter>
    </ClInclude>
  </ItemGroup>
  <ItemGroup>
    <ClCompile Include="pch.cpp">
      <Filter>util</Filter>
    </ClCompile>
    <ClCompile Include="main.cpp">
      <Filter>main</Filter>
    </ClCompile>
    <ClCompile Include="cProject.cpp">
      <Filter>Project</Filter>
    </ClCompile>
    <ClCompile Include="cProjectFactory.cpp">
      <Filter>Factory</Filter>
    </ClCompile>
    <ClCompile Include="cCProject.cpp">
      <Filter>Project\C</Filter>
    </ClCompile>
    <ClCompile Include="cCPlusProject.cpp">
      <Filter>Project\C++</Filter>
    </ClCompile>
  </ItemGroup>
</Project>